
Microsoft Visual Studio Solution File, Format Version 12.00
# Visual Studio Version 17
VisualStudioVersion = 17.5.002.0
MinimumVisualStudioVersion = 10.0.40219.1
Project("{9A19103F-16F7-4668-BE54-9A1E7A4F7556}") = "PruebaLogica5", "PruebaLogica5.csproj", "{183D41A4-17BA-4E08-998F-5892C46F0648}"
EndProject
Global
	GlobalSection(SolutionConfigurationPlatforms) = preSolution
		Debug|Any CPU = Debug|Any CPU
		Release|Any CPU = Release|Any CPU
	EndGlobalSection
	GlobalSection(ProjectConfigurationPlatforms) = postSolution
		{183D41A4-17BA-4E08-998F-5892C46F0648}.Debug|Any CPU.ActiveCfg = Debug|Any CPU
		{183D41A4-17BA-4E08-998F-5892C46F0648}.Debug|Any CPU.Build.0 = Debug|Any CPU
		{183D41A4-17BA-4E08-998F-5892C46F0648}.Release|Any CPU.ActiveCfg = Release|Any CPU
		{183D41A4-17BA-4E08-998F-5892C46F0648}.Release|Any CPU.Build.0 = Release|Any CPU
	EndGlobalSection
	GlobalSection(SolutionProperties) = preSolution
		HideSolutionNode = FALSE
	EndGlobalSection
	GlobalSection(ExtensibilityGlobals) = postSolution
		SolutionGuid = {B6738232-F28C-4804-908E-8A73BA938CA9}
	EndGlobalSection
EndGlobal
